Microsoft Visual Studio Solution File, Format Version 11.00
# Visual Studio 2008

Project("{576944B5-ABC0-562D-3F72-95D08B948AD2}") = "Spolf", "Assembly-CSharp.csproj", "{BB80C57E-9F73-1E3D-51C2-DDDDA814CE98}"
EndProject
Project("{576944B5-ABC0-562D-3F72-95D08B948AD2}") = "Spolf", "Assembly-CSharp-Editor.csproj", "{98BF3400-8AF1-4044-13B2-AC84B712D4C3}"
EndProject
Global
	GlobalSection(SolutionConfigurationPlatforms) = preSolution
		Debug|Any CPU = Debug|Any CPU
		Release|Any CPU = Release|Any CPU
	EndGlobalSection
	GlobalSection(ProjectConfigurationPlatforms) = postSolution
		{BB80C57E-9F73-1E3D-51C2-DDDDA814CE98}.Debug|Any CPU.ActiveCfg = Debug|Any CPU
		{BB80C57E-9F73-1E3D-51C2-DDDDA814CE98}.Debug|Any CPU.Build.0 = Debug|Any CPU
		{BB80C57E-9F73-1E3D-51C2-DDDDA814CE98}.Release|Any CPU.ActiveCfg = Release|Any CPU
		{BB80C57E-9F73-1E3D-51C2-DDDDA814CE98}.Release|Any CPU.Build.0 = Release|Any CPU
		{98BF3400-8AF1-4044-13B2-AC84B712D4C3}.Debug|Any CPU.ActiveCfg = Debug|Any CPU
		{98BF3400-8AF1-4044-13B2-AC84B712D4C3}.Debug|Any CPU.Build.0 = Debug|Any CPU
		{98BF3400-8AF1-4044-13B2-AC84B712D4C3}.Release|Any CPU.ActiveCfg = Release|Any CPU
		{98BF3400-8AF1-4044-13B2-AC84B712D4C3}.Release|Any CPU.Build.0 = Release|Any CPU
	EndGlobalSection
	GlobalSection(SolutionProperties) = preSolution
		HideSolutionNode = FALSE
	EndGlobalSection
	GlobalSection(MonoDevelopProperties) = preSolution
		StartupItem = Assembly-CSharp.csproj
	EndGlobalSection
EndGlobal
