Microsoft Visual Studio Solution File, Format Version 11.00
# Visual Studio 2008

Project("{99D7B5E2-521C-0CB3-5815-ACF1807234FD}") = "milwaukee", "Assembly-CSharp.csproj", "{83323A7D-97C9-4958-635F-BD9DD9818C24}"
EndProject
Global
	GlobalSection(SolutionConfigurationPlatforms) = preSolution
		Debug|Any CPU = Debug|Any CPU
		Release|Any CPU = Release|Any CPU
	EndGlobalSection
	GlobalSection(ProjectConfigurationPlatforms) = postSolution
		{83323A7D-97C9-4958-635F-BD9DD9818C24}.Debug|Any CPU.ActiveCfg = Debug|Any CPU
		{83323A7D-97C9-4958-635F-BD9DD9818C24}.Debug|Any CPU.Build.0 = Debug|Any CPU
		{83323A7D-97C9-4958-635F-BD9DD9818C24}.Release|Any CPU.ActiveCfg = Release|Any CPU
		{83323A7D-97C9-4958-635F-BD9DD9818C24}.Release|Any CPU.Build.0 = Release|Any CPU
	EndGlobalSection
	GlobalSection(SolutionProperties) = preSolution
		HideSolutionNode = FALSE
	EndGlobalSection
	GlobalSection(MonoDevelopProperties) = preSolution
		StartupItem = Assembly-CSharp.csproj
	EndGlobalSection
EndGlobal
